PODS:
  - FriendList (0.1.0):
    - Networking
  - Networking (0.1.0)

DEPENDENCIES:
  - FriendList (from `DevelopmentPods/FriendList`)
  - Networking (from `DevelopmentPods/Networking`)

EXTERNAL SOURCES:
  FriendList:
    :path: DevelopmentPods/FriendList
  Networking:
    :path: DevelopmentPods/Networking

SPEC CHECKSUMS:
  FriendList: e0986f25d1a0a0c216c0c4a6f12c737615b81711
  Networking: f06a92a992578896726059ffeb04841c8b34a3cd

PODFILE CHECKSUM: f0ff39f556441c8909ae1ba8cb5e283c426abf6a

COCOAPODS: 1.10.1
